
Microsoft Visual Studio Solution File, Format Version 12.00
# Visual Studio Version 17
VisualStudioVersion = 17.10.35013.160
MinimumVisualStudioVersion = 10.0.40219.1
Project("{9A19103F-16F7-4668-BE54-9A1E7A4F7556}") = "HavenGames.Data", "src\HavenGames.Data\HavenGames.Data.csproj", "{5D98CA14-1496-4CBD-809A-B99E281A9D0C}"
EndProject
Project("{9A19103F-16F7-4668-BE54-9A1E7A4F7556}") = "HavenGames.Business", "src\HavenGames.Business\HavenGames.Business.csproj", "{C975D207-A0EF-47A4-8922-14392EC1D232}"
EndProject
Project("{9A19103F-16F7-4668-BE54-9A1E7A4F7556}") = "HavenGames.App", "src\HavenGames.App\HavenGames.App.csproj", "{571CF7AE-B042-4873-9D4D-668FF4FD2534}"
EndProject
Global
	GlobalSection(SolutionConfigurationPlatforms) = preSolution
		Debug|Any CPU = Debug|Any CPU
		Release|Any CPU = Release|Any CPU
	EndGlobalSection
	GlobalSection(ProjectConfigurationPlatforms) = postSolution
		{5D98CA14-1496-4CBD-809A-B99E281A9D0C}.Debug|Any CPU.ActiveCfg = Debug|Any CPU
		{5D98CA14-1496-4CBD-809A-B99E281A9D0C}.Debug|Any CPU.Build.0 = Debug|Any CPU
		{5D98CA14-1496-4CBD-809A-B99E281A9D0C}.Release|Any CPU.ActiveCfg = Release|Any CPU
		{5D98CA14-1496-4CBD-809A-B99E281A9D0C}.Release|Any CPU.Build.0 = Release|Any CPU
		{C975D207-A0EF-47A4-8922-14392EC1D232}.Debug|Any CPU.ActiveCfg = Debug|Any CPU
		{C975D207-A0EF-47A4-8922-14392EC1D232}.Debug|Any CPU.Build.0 = Debug|Any CPU
		{C975D207-A0EF-47A4-8922-14392EC1D232}.Release|Any CPU.ActiveCfg = Release|Any CPU
		{C975D207-A0EF-47A4-8922-14392EC1D232}.Release|Any CPU.Build.0 = Release|Any CPU
		{571CF7AE-B042-4873-9D4D-668FF4FD2534}.Debug|Any CPU.ActiveCfg = Debug|Any CPU
		{571CF7AE-B042-4873-9D4D-668FF4FD2534}.Debug|Any CPU.Build.0 = Debug|Any CPU
		{571CF7AE-B042-4873-9D4D-668FF4FD2534}.Release|Any CPU.ActiveCfg = Release|Any CPU
		{571CF7AE-B042-4873-9D4D-668FF4FD2534}.Release|Any CPU.Build.0 = Release|Any CPU
	EndGlobalSection
	GlobalSection(SolutionProperties) = preSolution
		HideSolutionNode = FALSE
	EndGlobalSection
	GlobalSection(ExtensibilityGlobals) = postSolution
		SolutionGuid = {42A15262-35FC-45B0-8F03-AFF26E38AF71}
	EndGlobalSection
EndGlobal
